
Microsoft Visual Studio Solution File, Format Version 12.00
# Visual Studio 15
Project("{8BC9CEB8-8B4A-11D0-8D11-00A0C91BC942}") = "ALL_BUILD", "ALL_BUILD.vcxproj", "{4DF0C40C-559C-3617-89A8-F9EC434D6D11}"
	ProjectSection(ProjectDependencies) = postProject
		{E4979D97-C539-3F4D-8EED-1D483F5E024A} = {E4979D97-C539-3F4D-8EED-1D483F5E024A}
		{0E5D32AB-6249-3192-A8C8-71DDCCA7B527} = {0E5D32AB-6249-3192-A8C8-71DDCCA7B527}
		{A31BDEA8-1302-3F4E-840F-C82BB161907F} = {A31BDEA8-1302-3F4E-840F-C82BB161907F}
		{99311C9C-B83F-3CAF-A760-026E9C8B9671} = {99311C9C-B83F-3CAF-A760-026E9C8B9671}
		{10DFC738-A3E1-3FFB-B26C-C8815CC720CE} = {10DFC738-A3E1-3FFB-B26C-C8815CC720CE}
		{D1AF8FF9-EA06-34B0-9298-CFC6949ED035} = {D1AF8FF9-EA06-34B0-9298-CFC6949ED035}
		{FBB19983-4F58-376C-B977-1BED40724BD6} = {FBB19983-4F58-376C-B977-1BED40724BD6}
		{7A304105-3C4B-3578-9ADF-BC326F345D6C} = {7A304105-3C4B-3578-9ADF-BC326F345D6C}
	EndProjectSection
EndProject
Project("{8BC9CEB8-8B4A-11D0-8D11-00A0C91BC942}") = "INSTALL", "INSTALL.vcxproj", "{DE7BA5CB-552F-3A3C-95F5-29C3E5AB0955}"
	ProjectSection(ProjectDependencies) = postProject
		{4DF0C40C-559C-3617-89A8-F9EC434D6D11} = {4DF0C40C-559C-3617-89A8-F9EC434D6D11}
		{0E5D32AB-6249-3192-A8C8-71DDCCA7B527} = {0E5D32AB-6249-3192-A8C8-71DDCCA7B527}
	EndProjectSection
EndProject
Project("{8BC9CEB8-8B4A-11D0-8D11-00A0C91BC942}") = "OSM_A_star_search", "OSM_A_star_search.vcxproj", "{E4979D97-C539-3F4D-8EED-1D483F5E024A}"
	ProjectSection(ProjectDependencies) = postProject
		{0E5D32AB-6249-3192-A8C8-71DDCCA7B527} = {0E5D32AB-6249-3192-A8C8-71DDCCA7B527}
		{FBB19983-4F58-376C-B977-1BED40724BD6} = {FBB19983-4F58-376C-B977-1BED40724BD6}
	EndProjectSection
EndProject
Project("{8BC9CEB8-8B4A-11D0-8D11-00A0C91BC942}") = "ZERO_CHECK", "ZERO_CHECK.vcxproj", "{0E5D32AB-6249-3192-A8C8-71DDCCA7B527}"
	ProjectSection(ProjectDependencies) = postProject
	EndProjectSection
EndProject
Project("{8BC9CEB8-8B4A-11D0-8D11-00A0C91BC942}") = "gmock", "thirdparty\googletest\googlemock\gmock.vcxproj", "{A31BDEA8-1302-3F4E-840F-C82BB161907F}"
	ProjectSection(ProjectDependencies) = postProject
		{0E5D32AB-6249-3192-A8C8-71DDCCA7B527} = {0E5D32AB-6249-3192-A8C8-71DDCCA7B527}
	EndProjectSection
EndProject
Project("{8BC9CEB8-8B4A-11D0-8D11-00A0C91BC942}") = "gmock_main", "thirdparty\googletest\googlemock\gmock_main.vcxproj", "{99311C9C-B83F-3CAF-A760-026E9C8B9671}"
	ProjectSection(ProjectDependencies) = postProject
		{0E5D32AB-6249-3192-A8C8-71DDCCA7B527} = {0E5D32AB-6249-3192-A8C8-71DDCCA7B527}
	EndProjectSection
EndProject
Project("{8BC9CEB8-8B4A-11D0-8D11-00A0C91BC942}") = "gtest", "thirdparty\googletest\googlemock\gtest\gtest.vcxproj", "{10DFC738-A3E1-3FFB-B26C-C8815CC720CE}"
	ProjectSection(ProjectDependencies) = postProject
		{0E5D32AB-6249-3192-A8C8-71DDCCA7B527} = {0E5D32AB-6249-3192-A8C8-71DDCCA7B527}
	EndProjectSection
EndProject
Project("{8BC9CEB8-8B4A-11D0-8D11-00A0C91BC942}") = "gtest_main", "thirdparty\googletest\googlemock\gtest\gtest_main.vcxproj", "{D1AF8FF9-EA06-34B0-9298-CFC6949ED035}"
	ProjectSection(ProjectDependencies) = postProject
		{0E5D32AB-6249-3192-A8C8-71DDCCA7B527} = {0E5D32AB-6249-3192-A8C8-71DDCCA7B527}
		{10DFC738-A3E1-3FFB-B26C-C8815CC720CE} = {10DFC738-A3E1-3FFB-B26C-C8815CC720CE}
	EndProjectSection
EndProject
Project("{8BC9CEB8-8B4A-11D0-8D11-00A0C91BC942}") = "pugixml", "thirdparty\pugixml\pugixml.vcxproj", "{FBB19983-4F58-376C-B977-1BED40724BD6}"
	ProjectSection(ProjectDependencies) = postProject
		{0E5D32AB-6249-3192-A8C8-71DDCCA7B527} = {0E5D32AB-6249-3192-A8C8-71DDCCA7B527}
	EndProjectSection
EndProject
Project("{8BC9CEB8-8B4A-11D0-8D11-00A0C91BC942}") = "test", "test.vcxproj", "{7A304105-3C4B-3578-9ADF-BC326F345D6C}"
	ProjectSection(ProjectDependencies) = postProject
		{0E5D32AB-6249-3192-A8C8-71DDCCA7B527} = {0E5D32AB-6249-3192-A8C8-71DDCCA7B527}
		{10DFC738-A3E1-3FFB-B26C-C8815CC720CE} = {10DFC738-A3E1-3FFB-B26C-C8815CC720CE}
		{D1AF8FF9-EA06-34B0-9298-CFC6949ED035} = {D1AF8FF9-EA06-34B0-9298-CFC6949ED035}
		{FBB19983-4F58-376C-B977-1BED40724BD6} = {FBB19983-4F58-376C-B977-1BED40724BD6}
	EndProjectSection
EndProject
Global
	GlobalSection(SolutionConfigurationPlatforms) = preSolution
		Debug|Win32 = Debug|Win32
		Release|Win32 = Release|Win32
		MinSizeRel|Win32 = MinSizeRel|Win32
		RelWithDebInfo|Win32 = RelWithDebInfo|Win32
	EndGlobalSection
	GlobalSection(ProjectConfigurationPlatforms) = postSolution
		{4DF0C40C-559C-3617-89A8-F9EC434D6D11}.Debug|Win32.ActiveCfg = Debug|Win32
		{4DF0C40C-559C-3617-89A8-F9EC434D6D11}.Debug|Win32.Build.0 = Debug|Win32
		{4DF0C40C-559C-3617-89A8-F9EC434D6D11}.Release|Win32.ActiveCfg = Release|Win32
		{4DF0C40C-559C-3617-89A8-F9EC434D6D11}.Release|Win32.Build.0 = Release|Win32
		{4DF0C40C-559C-3617-89A8-F9EC434D6D11}.MinSizeRel|Win32.ActiveCfg = MinSizeRel|Win32
		{4DF0C40C-559C-3617-89A8-F9EC434D6D11}.MinSizeRel|Win32.Build.0 = MinSizeRel|Win32
		{4DF0C40C-559C-3617-89A8-F9EC434D6D11}.RelWithDebInfo|Win32.ActiveCfg = RelWithDebInfo|Win32
		{4DF0C40C-559C-3617-89A8-F9EC434D6D11}.RelWithDebInfo|Win32.Build.0 = RelWithDebInfo|Win32
		{DE7BA5CB-552F-3A3C-95F5-29C3E5AB0955}.Debug|Win32.ActiveCfg = Debug|Win32
		{DE7BA5CB-552F-3A3C-95F5-29C3E5AB0955}.Release|Win32.ActiveCfg = Release|Win32
		{DE7BA5CB-552F-3A3C-95F5-29C3E5AB0955}.MinSizeRel|Win32.ActiveCfg = MinSizeRel|Win32
		{DE7BA5CB-552F-3A3C-95F5-29C3E5AB0955}.RelWithDebInfo|Win32.ActiveCfg = RelWithDebInfo|Win32
		{E4979D97-C539-3F4D-8EED-1D483F5E024A}.Debug|Win32.ActiveCfg = Debug|Win32
		{E4979D97-C539-3F4D-8EED-1D483F5E024A}.Debug|Win32.Build.0 = Debug|Win32
		{E4979D97-C539-3F4D-8EED-1D483F5E024A}.Release|Win32.ActiveCfg = Release|Win32
		{E4979D97-C539-3F4D-8EED-1D483F5E024A}.Release|Win32.Build.0 = Release|Win32
		{E4979D97-C539-3F4D-8EED-1D483F5E024A}.MinSizeRel|Win32.ActiveCfg = MinSizeRel|Win32
		{E4979D97-C539-3F4D-8EED-1D483F5E024A}.MinSizeRel|Win32.Build.0 = MinSizeRel|Win32
		{E4979D97-C539-3F4D-8EED-1D483F5E024A}.RelWithDebInfo|Win32.ActiveCfg = RelWithDebInfo|Win32
		{E4979D97-C539-3F4D-8EED-1D483F5E024A}.RelWithDebInfo|Win32.Build.0 = RelWithDebInfo|Win32
		{0E5D32AB-6249-3192-A8C8-71DDCCA7B527}.Debug|Win32.ActiveCfg = Debug|Win32
		{0E5D32AB-6249-3192-A8C8-71DDCCA7B527}.Debug|Win32.Build.0 = Debug|Win32
		{0E5D32AB-6249-3192-A8C8-71DDCCA7B527}.Release|Win32.ActiveCfg = Release|Win32
		{0E5D32AB-6249-3192-A8C8-71DDCCA7B527}.Release|Win32.Build.0 = Release|Win32
		{0E5D32AB-6249-3192-A8C8-71DDCCA7B527}.MinSizeRel|Win32.ActiveCfg = MinSizeRel|Win32
		{0E5D32AB-6249-3192-A8C8-71DDCCA7B527}.MinSizeRel|Win32.Build.0 = MinSizeRel|Win32
		{0E5D32AB-6249-3192-A8C8-71DDCCA7B527}.RelWithDebInfo|Win32.ActiveCfg = RelWithDebInfo|Win32
		{0E5D32AB-6249-3192-A8C8-71DDCCA7B527}.RelWithDebInfo|Win32.Build.0 = RelWithDebInfo|Win32
		{A31BDEA8-1302-3F4E-840F-C82BB161907F}.Debug|Win32.ActiveCfg = Debug|Win32
		{A31BDEA8-1302-3F4E-840F-C82BB161907F}.Debug|Win32.Build.0 = Debug|Win32
		{A31BDEA8-1302-3F4E-840F-C82BB161907F}.Release|Win32.ActiveCfg = Release|Win32
		{A31BDEA8-1302-3F4E-840F-C82BB161907F}.Release|Win32.Build.0 = Release|Win32
		{A31BDEA8-1302-3F4E-840F-C82BB161907F}.MinSizeRel|Win32.ActiveCfg = MinSizeRel|Win32
		{A31BDEA8-1302-3F4E-840F-C82BB161907F}.MinSizeRel|Win32.Build.0 = MinSizeRel|Win32
		{A31BDEA8-1302-3F4E-840F-C82BB161907F}.RelWithDebInfo|Win32.ActiveCfg = RelWithDebInfo|Win32
		{A31BDEA8-1302-3F4E-840F-C82BB161907F}.RelWithDebInfo|Win32.Build.0 = RelWithDebInfo|Win32
		{99311C9C-B83F-3CAF-A760-026E9C8B9671}.Debug|Win32.ActiveCfg = Debug|Win32
		{99311C9C-B83F-3CAF-A760-026E9C8B9671}.Debug|Win32.Build.0 = Debug|Win32
		{99311C9C-B83F-3CAF-A760-026E9C8B9671}.Release|Win32.ActiveCfg = Release|Win32
		{99311C9C-B83F-3CAF-A760-026E9C8B9671}.Release|Win32.Build.0 = Release|Win32
		{99311C9C-B83F-3CAF-A760-026E9C8B9671}.MinSizeRel|Win32.ActiveCfg = MinSizeRel|Win32
		{99311C9C-B83F-3CAF-A760-026E9C8B9671}.MinSizeRel|Win32.Build.0 = MinSizeRel|Win32
		{99311C9C-B83F-3CAF-A760-026E9C8B9671}.RelWithDebInfo|Win32.ActiveCfg = RelWithDebInfo|Win32
		{99311C9C-B83F-3CAF-A760-026E9C8B9671}.RelWithDebInfo|Win32.Build.0 = RelWithDebInfo|Win32
		{10DFC738-A3E1-3FFB-B26C-C8815CC720CE}.Debug|Win32.ActiveCfg = Debug|Win32
		{10DFC738-A3E1-3FFB-B26C-C8815CC720CE}.Debug|Win32.Build.0 = Debug|Win32
		{10DFC738-A3E1-3FFB-B26C-C8815CC720CE}.Release|Win32.ActiveCfg = Release|Win32
		{10DFC738-A3E1-3FFB-B26C-C8815CC720CE}.Release|Win32.Build.0 = Release|Win32
		{10DFC738-A3E1-3FFB-B26C-C8815CC720CE}.MinSizeRel|Win32.ActiveCfg = MinSizeRel|Win32
		{10DFC738-A3E1-3FFB-B26C-C8815CC720CE}.MinSizeRel|Win32.Build.0 = MinSizeRel|Win32
		{10DFC738-A3E1-3FFB-B26C-C8815CC720CE}.RelWithDebInfo|Win32.ActiveCfg = RelWithDebInfo|Win32
		{10DFC738-A3E1-3FFB-B26C-C8815CC720CE}.RelWithDebInfo|Win32.Build.0 = RelWithDebInfo|Win32
		{D1AF8FF9-EA06-34B0-9298-CFC6949ED035}.Debug|Win32.ActiveCfg = Debug|Win32
		{D1AF8FF9-EA06-34B0-9298-CFC6949ED035}.Debug|Win32.Build.0 = Debug|Win32
		{D1AF8FF9-EA06-34B0-9298-CFC6949ED035}.Release|Win32.ActiveCfg = Release|Win32
		{D1AF8FF9-EA06-34B0-9298-CFC6949ED035}.Release|Win32.Build.0 = Release|Win32
		{D1AF8FF9-EA06-34B0-9298-CFC6949ED035}.MinSizeRel|Win32.ActiveCfg = MinSizeRel|Win32
		{D1AF8FF9-EA06-34B0-9298-CFC6949ED035}.MinSizeRel|Win32.Build.0 = MinSizeRel|Win32
		{D1AF8FF9-EA06-34B0-9298-CFC6949ED035}.RelWithDebInfo|Win32.ActiveCfg = RelWithDebInfo|Win32
		{D1AF8FF9-EA06-34B0-9298-CFC6949ED035}.RelWithDebInfo|Win32.Build.0 = RelWithDebInfo|Win32
		{FBB19983-4F58-376C-B977-1BED40724BD6}.Debug|Win32.ActiveCfg = Debug|Win32
		{FBB19983-4F58-376C-B977-1BED40724BD6}.Debug|Win32.Build.0 = Debug|Win32
		{FBB19983-4F58-376C-B977-1BED40724BD6}.Release|Win32.ActiveCfg = Release|Win32
		{FBB19983-4F58-376C-B977-1BED40724BD6}.Release|Win32.Build.0 = Release|Win32
		{FBB19983-4F58-376C-B977-1BED40724BD6}.MinSizeRel|Win32.ActiveCfg = MinSizeRel|Win32
		{FBB19983-4F58-376C-B977-1BED40724BD6}.MinSizeRel|Win32.Build.0 = MinSizeRel|Win32
		{FBB19983-4F58-376C-B977-1BED40724BD6}.RelWithDebInfo|Win32.ActiveCfg = RelWithDebInfo|Win32
		{FBB19983-4F58-376C-B977-1BED40724BD6}.RelWithDebInfo|Win32.Build.0 = RelWithDebInfo|Win32
		{7A304105-3C4B-3578-9ADF-BC326F345D6C}.Debug|Win32.ActiveCfg = Debug|Win32
		{7A304105-3C4B-3578-9ADF-BC326F345D6C}.Debug|Win32.Build.0 = Debug|Win32
		{7A304105-3C4B-3578-9ADF-BC326F345D6C}.Release|Win32.ActiveCfg = Release|Win32
		{7A304105-3C4B-3578-9ADF-BC326F345D6C}.Release|Win32.Build.0 = Release|Win32
		{7A304105-3C4B-3578-9ADF-BC326F345D6C}.MinSizeRel|Win32.ActiveCfg = MinSizeRel|Win32
		{7A304105-3C4B-3578-9ADF-BC326F345D6C}.MinSizeRel|Win32.Build.0 = MinSizeRel|Win32
		{7A304105-3C4B-3578-9ADF-BC326F345D6C}.RelWithDebInfo|Win32.ActiveCfg = RelWithDebInfo|Win32
		{7A304105-3C4B-3578-9ADF-BC326F345D6C}.RelWithDebInfo|Win32.Build.0 = RelWithDebInfo|Win32
	EndGlobalSection
	GlobalSection(ExtensibilityGlobals) = postSolution
		SolutionGuid = {4FE0FF60-6E93-38A0-ADC3-A22F1B55C291}
	EndGlobalSection
	GlobalSection(ExtensibilityAddIns) = postSolution
	EndGlobalSection
EndGlobal
