<?xml version="1.0" encoding="utf-8"?>
<Project ToolsVersion="15.0" xmlns="http://schemas.microsoft.com/developer/msbuild/2003">
  <ItemGroup>
    <ClCompile Include="D:\work\GitHub\CppND-Route-Planning-Project\test\utest_rp_a_star_search.cpp">
      <Filter>Source Files</Filter>
    </ClCompile>
    <ClCompile Include="D:\work\GitHub\CppND-Route-Planning-Project\src\route_planner.cpp">
      <Filter>Source Files</Filter>
    </ClCompile>
    <ClCompile Include="D:\work\GitHub\CppND-Route-Planning-Project\src\model.cpp">
      <Filter>Source Files</Filter>
    </ClCompile>
    <ClCompile Include="D:\work\GitHub\CppND-Route-Planning-Project\src\route_model.cpp">
      <Filter>Source Files</Filter>
    </ClCompile>
  </ItemGroup>
  <ItemGroup>
    <CustomBuild Include="D:\work\GitHub\CppND-Route-Planning-Project\CMakeLists.txt" />
  </ItemGroup>
  <ItemGroup>
    <Filter Include="Source Files">
      <UniqueIdentifier>{FCCE4B96-D72D-3816-B53C-2553C804F3A4}</UniqueIdentifier>
    </Filter>
  </ItemGroup>
</Project>
